// !$*UTF8*$!
{
	archiveVersion = 1;
	classes = {
	};
	objectVersion = 46;
	objects = {

/* Begin PBXBuildFile section */
		82FF5A5B1CF85A900040724F /* AppDelegate.swift in Sources */ = {isa = PBXBuildFile; fileRef = 82FF5A5A1CF85A900040724F /* AppDelegate.swift */; };
		82FF5A5D1CF85A900040724F /* ViewController.swift in Sources */ = {isa = PBXBuildFile; fileRef = 82FF5A5C1CF85A900040724F /* ViewController.swift */; };
		82FF5A601CF85A900040724F /* Main.storyboard in Resources */ = {isa = PBXBuildFile; fileRef = 82FF5A5E1CF85A900040724F /* Main.storyboard */; };
		82FF5A621CF85A900040724F /* Assets.xcassets in Resources */ = {isa = PBXBuildFile; fileRef = 82FF5A611CF85A900040724F /* Assets.xcassets */; };
		82FF5A651CF85A900040724F /* LaunchScreen.storyboard in Resources */ = {isa = PBXBuildFile; fileRef = 82FF5A631CF85A900040724F /* LaunchScreen.storyboard */; };
		82FF5A6D1CF85AA50040724F /* CheckMarkView.swift in Sources */ = {isa = PBXBuildFile; fileRef = 82FF5A6C1CF85AA50040724F /* CheckMarkView.swift */; };
/* End PBXBuildFile section */

/* Begin PBXFileReference section */
		82FF5A571CF85A900040724F /* CheckMark.app */ = {isa = PBXFileReference; explicitFileType = wrapper.application; includeInIndex = 0; path = CheckMark.app; sourceTree = BUILT_PRODUCTS_DIR; };
		82FF5A5A1CF85A900040724F /* AppDelegate.swift */ = {isa = PBXFileReference; lastKnownFileType = sourcecode.swift; path = AppDelegate.swift; sourceTree = "<group>"; };
		82FF5A5C1CF85A900040724F /* ViewController.swift */ = {isa = PBXFileReference; lastKnownFileType = sourcecode.swift; path = ViewController.swift; sourceTree = "<group>"; };
		82FF5A5F1CF85A900040724F /* Base */ = {isa = PBXFileReference; lastKnownFileType = file.storyboard; name = Base; path = Base.lproj/Main.storyboard; sourceTree = "<group>"; };
		82FF5A611CF85A900040724F /* Assets.xcassets */ = {isa = PBXFileReference; lastKnownFileType = folder.assetcatalog; path = Assets.xcassets; sourceTree = "<group>"; };
		82FF5A641CF85A900040724F /* Base */ = {isa = PBXFileReference; lastKnownFileType = file.storyboard; name = Base; path = Base.lproj/LaunchScreen.storyboard; sourceTree = "<group>"; };
		82FF5A661CF85A900040724F /* Info.plist */ = {isa = PBXFileReference; lastKnownFileType = text.plist.xml; path = Info.plist; sourceTree = "<group>"; };
		82FF5A6C1CF85AA50040724F /* CheckMarkView.swift */ = {isa = PBXFileReference; fileEncoding = 4; lastKnownFileType = sourcecode.swift; path = CheckMarkView.swift; sourceTree = "<group>"; };
/* End PBXFileReference section */

/* Begin PBXFrameworksBuildPhase section */
		82FF5A541CF85A900040724F /* Frameworks */ = {
			isa = PBXFrameworksBuildPhase;
			buildActionMask = 2147483647;
			files = (
			);
			runOnlyForDeploymentPostprocessing = 0;
		};
/* End PBXFrameworksBuildPhase section */

/* Begin PBXGroup section */
		82FF5A4E1CF85A900040724F = {
			isa = PBXGroup;
			children = (
				82FF5A591CF85A900040724F /* CheckMark */,
				82FF5A581CF85A900040724F /* Products */,
			);
			sourceTree = "<group>";
		};
		82FF5A581CF85A900040724F /* Products */ = {
			isa = PBXGroup;
			children = (
				82FF5A571CF85A900040724F /* CheckMark.app */,
			);
			name = Products;
			sourceTree = "<group>";
		};
		82FF5A591CF85A900040724F /* CheckMark */ = {
			isa = PBXGroup;
			children = (
				82FF5A5A1CF85A900040724F /* AppDelegate.swift */,
				82FF5A5C1CF85A900040724F /* ViewController.swift */,
				82FF5A5E1CF85A900040724F /* Main.storyboard */,
				82FF5A611CF85A900040724F /* Assets.xcassets */,
				82FF5A631CF85A900040724F /* LaunchScreen.storyboard */,
				82FF5A661CF85A900040724F /* Info.plist */,
				82FF5A6C1CF85AA50040724F /* CheckMarkView.swift */,
			);
			path = CheckMark;
			sourceTree = "<group>";
		};
/* End PBXGroup section */

/* Begin PBXNativeTarget section */
		82FF5A561CF85A900040724F /* CheckMark */ = {
			isa = PBXNativeTarget;
			buildConfigurationList = 82FF5A691CF85A900040724F /* Build configuration list for PBXNativeTarget "CheckMark" */;
			buildPhases = (
				82FF5A531CF85A900040724F /* Sources */,
				82FF5A541CF85A900040724F /* Frameworks */,
				82FF5A551CF85A900040724F /* Resources */,
			);
			buildRules = (
			);
			dependencies = (
			);
			name = CheckMark;
			productName = CheckMark;
			productReference = 82FF5A571CF85A900040724F /* CheckMark.app */;
			productType = "com.apple.product-type.application";
		};
/* End PBXNativeTarget section */

/* Begin PBXProject section */
		82FF5A4F1CF85A900040724F /* Project object */ = {
			isa = PBXProject;
			attributes = {
				LastSwiftUpdateCheck = 0730;
				LastUpgradeCheck = 0730;
				ORGANIZATIONNAME = "Shripada Hebbar";
				TargetAttributes = {
					82FF5A561CF85A900040724F = {
						CreatedOnToolsVersion = 7.3.1;
					};
				};
			};
			buildConfigurationList = 82FF5A521CF85A900040724F /* Build configuration list for PBXProject "CheckMark" */;
			compatibilityVersion = "Xcode 3.2";
			developmentRegion = English;
			hasScannedForEncodings = 0;
			knownRegions = (
				en,
				Base,
			);
			mainGroup = 82FF5A4E1CF85A900040724F;
			productRefGroup = 82FF5A581CF85A900040724F /* Products */;
			projectDirPath = "";
			projectRoot = "";
			targets = (
				82FF5A561CF85A900040724F /* CheckMark */,
			);
		};
/* End PBXProject section */

/* Begin PBXResourcesBuildPhase section */
		82FF5A551CF85A900040724F /* Resources */ = {
			isa = PBXResourcesBuildPhase;
			buildActionMask = 2147483647;
			files = (
				82FF5A651CF85A900040724F /* LaunchScreen.storyboard in Resources */,
				82FF5A621CF85A900040724F /* Assets.xcassets in Resources */,
				82FF5A601CF85A900040724F /* Main.storyboard in Resources */,
			);
			runOnlyForDeploymentPostprocessing = 0;
		};
/* End PBXResourcesBuildPhase section */

/* Begin PBXSourcesBuildPhase section */
		82FF5A531CF85A900040724F /* Sources */ = {
			isa = PBXSourcesBuildPhase;
			buildActionMask = 2147483647;
			files = (
				82FF5A6D1CF85AA50040724F /* CheckMarkView.swift in Sources */,
				82FF5A5D1CF85A900040724F /* ViewController.swift in Sources */,
				82FF5A5B1CF85A900040724F /* AppDelegate.swift in Sources */,
			);
			runOnlyForDeploymentPostprocessing = 0;
		};
/* End PBXSourcesBuildPhase section */

/* Begin PBXVariantGroup section */
		82FF5A5E1CF85A900040724F /* Main.storyboard */ = {
			isa = PBXVariantGroup;
			children = (
				82FF5A5F1CF85A900040724F /* Base */,
			);
			name = Main.storyboard;
			sourceTree = "<group>";
		};
		82FF5A631CF85A900040724F /* LaunchScreen.storyboard */ = {
			isa = PBXVariantGroup;
			children = (
				82FF5A641CF85A900040724F /* Base */,
			);
			name = LaunchScreen.storyboard;
			sourceTree = "<group>";
		};
/* End PBXVariantGroup section */

/* Begin XCBuildConfiguration section */
		82FF5A671CF85A900040724F /* Debug */ = {
			isa = XCBuildConfiguration;
			buildSettings = {
				ALWAYS_SEARCH_USER_PATHS = NO;
				CLANG_ANALYZER_NONNULL = YES;
				CLANG_CXX_LANGUAGE_STANDARD = "gnu++0x";
				CLANG_CXX_LIBRARY = "libc++";
				CLANG_ENABLE_MODULES = YES;
				CLANG_ENABLE_OBJC_ARC = YES;
				CLANG_WARN_BOOL_CONVERSION = YES;
				CLANG_WARN_CONSTANT_CONVERSION = YES;
				CLANG_WARN_DIRECT_OBJC_ISA_USAGE = YES_ERROR;
				CLANG_WARN_EMPTY_BODY = YES;
				CLANG_WARN_ENUM_CONVERSION = YES;
				CLANG_WARN_INT_CONVERSION = YES;
				CLANG_WARN_OBJC_ROOT_CLASS = YES_ERROR;
				CLANG_WARN_UNREACHABLE_CODE = YES;
				CLANG_WARN__DUPLICATE_METHOD_MATCH = YES;
				"CODE_SIGN_IDENTITY[sdk=iphoneos*]" = "iPhone Developer";
				COPY_PHASE_STRIP = NO;
				DEBUG_INFORMATION_FORMAT = dwarf;
				ENABLE_STRICT_OBJC_MSGSEND = YES;
				ENABLE_TESTABILITY = YES;
				GCC_C_LANGUAGE_STANDARD = gnu99;
				GCC_DYNAMIC_NO_PIC = NO;
				GCC_NO_COMMON_BLOCKS = YES;
				GCC_OPTIMIZATION_LEVEL = 0;
				GCC_PREPROCESSOR_DEFINITIONS = (
					"DEBUG=1",
					"$(inherited)",
				);
				GCC_WARN_64_TO_32_BIT_CONVERSION = YES;
				GCC_WARN_ABOUT_RETURN_TYPE = YES_ERROR;
				GCC_WARN_UNDECLARED_SELECTOR = YES;
				GCC_WARN_UNINITIALIZED_AUTOS = YES_AGGRESSIVE;
				GCC_WARN_UNUSED_FUNCTION = YES;
				GCC_WARN_UNUSED_VARIABLE = YES;
				IPHONEOS_DEPLOYMENT_TARGET = 9.3;
				MTL_ENABLE_DEBUG_INFO = YES;
				ONLY_ACTIVE_ARCH = YES;
				SDKROOT = iphoneos;
				SWIFT_OPTIMIZATION_LEVEL = "-Onone";
				TARGETED_DEVICE_FAMILY = "1,2";
			};
			name = Debug;
		};
		82FF5A681CF85A900040724F /* Release */ = {
			isa = XCBuildConfiguration;
			buildSettings = {
				ALWAYS_SEARCH_USER_PATHS = NO;
				CLANG_ANALYZER_NONNULL = YES;
				CLANG_CXX_LANGUAGE_STANDARD = "gnu++0x";
				CLANG_CXX_LIBRARY = "libc++";
				CLANG_ENABLE_MODULES = YES;
				CLANG_ENABLE_OBJC_ARC = YES;
				CLANG_WARN_BOOL_CONVERSION = YES;
				CLANG_WARN_CONSTANT_CONVERSION = YES;
				CLANG_WARN_DIRECT_OBJC_ISA_USAGE = YES_ERROR;
				CLANG_WARN_EMPTY_BODY = YES;
				CLANG_WARN_ENUM_CONVERSION = YES;
				CLANG_WARN_INT_CONVERSION = YES;
				CLANG_WARN_OBJC_ROOT_CLASS = YES_ERROR;
				CLANG_WARN_UNREACHABLE_CODE = YES;
				CLANG_WARN__DUPLICATE_METHOD_MATCH = YES;
				"CODE_SIGN_IDENTITY[sdk=iphoneos*]" = "iPhone Developer";
				COPY_PHASE_STRIP = NO;
				DEBUG_INFORMATION_FORMAT = "dwarf-with-dsym";
				ENABLE_NS_ASSERTIONS = NO;
				ENABLE_STRICT_OBJC_MSGSEND = YES;
				GCC_C_LANGUAGE_STANDARD = gnu99;
				GCC_NO_COMMON_BLOCKS = YES;
				GCC_WARN_64_TO_32_BIT_CONVERSION = YES;
				GCC_WARN_ABOUT_RETURN_TYPE = YES_ERROR;
				GCC_WARN_UNDECLARED_SELECTOR = YES;
				GCC_WARN_UNINITIALIZED_AUTOS = YES_AGGRESSIVE;
				GCC_WARN_UNUSED_FUNCTION = YES;
				GCC_WARN_UNUSED_VARIABLE = YES;
				IPHONEOS_DEPLOYMENT_TARGET = 9.3;
				MTL_ENABLE_DEBUG_INFO = NO;
				SDKROOT = iphoneos;
				TARGETED_DEVICE_FAMILY = "1,2";
				VALIDATE_PRODUCT = YES;
			};
			name = Release;
		};
		82FF5A6A1CF85A900040724F /* Debug */ = {
			isa = XCBuildConfiguration;
			buildSettings = {
				ASSETCATALOG_COMPILER_APPICON_NAME = AppIcon;
				INFOPLIST_FILE = CheckMark/Info.plist;
				LD_RUNPATH_SEARCH_PATHS = "$(inherited) @executable_path/Frameworks";
				PRODUCT_BUNDLE_IDENTIFIER = com.Robosoft.CheckMark;
				PRODUCT_NAME = "$(TARGET_NAME)";
			};
			name = Debug;
		};
		82FF5A6B1CF85A900040724F /* Release */ = {
			isa = XCBuildConfiguration;
			buildSettings = {
				ASSETCATALOG_COMPILER_APPICON_NAME = AppIcon;
				INFOPLIST_FILE = CheckMark/Info.plist;
				LD_RUNPATH_SEARCH_PATHS = "$(inherited) @executable_path/Frameworks";
				PRODUCT_BUNDLE_IDENTIFIER = com.Robosoft.CheckMark;
				PRODUCT_NAME = "$(TARGET_NAME)";
			};
			name = Release;
		};
/* End XCBuildConfiguration section */

/* Begin XCConfigurationList section */
		82FF5A521CF85A900040724F /* Build configuration list for PBXProject "CheckMark" */ = {
			isa = XCConfigurationList;
			buildConfigurations = (
				82FF5A671CF85A900040724F /* Debug */,
				82FF5A681CF85A900040724F /* Release */,
			);
			defaultConfigurationIsVisible = 0;
			defaultConfigurationName = Release;
		};
		82FF5A691CF85A900040724F /* Build configuration list for PBXNativeTarget "CheckMark" */ = {
			isa = XCConfigurationList;
			buildConfigurations = (
				82FF5A6A1CF85A900040724F /* Debug */,
				82FF5A6B1CF85A900040724F /* Release */,
			);
			defaultConfigurationIsVisible = 0;
		};
/* End XCConfigurationList section */
	};
	rootObject = 82FF5A4F1CF85A900040724F /* Project object */;
}
